{
  "name": "pingu-react-form",
  "version": "0.0.1",
  "lockfileVersion": 1,
  "requires": true,
  "dependencies": {
    "@babel/runtime": {
      "version": "7.0.0",
      "resolved": "https://pkgs.dev.azure.com/artmoi/_packaging/artmoi/npm/registry/@babel/runtime/-/runtime-7.0.0.tgz",
      "integrity": "sha1-ret4/t/IVaoFvAQWQPP2+Y6FQkw=",
      "requires": {
        "regenerator-runtime": "^0.12.0"
      }
    },
    "@types/lodash": {
      "version": "4.14.135",
      "resolved": "https://pkgs.dev.azure.com/artmoi/_packaging/artmoi/npm/registry/@types/lodash/-/lodash-4.14.135.tgz",
      "integrity": "sha1-0mB8Nd1o9wwrNboCDGZ0k97dhEc="
    },
    "@types/prop-types": {
      "version": "15.7.1",
      "resolved": "https://pkgs.dev.azure.com/artmoi/_packaging/artmoi/npm/registry/@types/prop-types/-/prop-types-15.7.1.tgz",
      "integrity": "sha1-8aEee6uww8rWgQC+OB0eBkxo8fY="
    },
    "@types/react": {
      "version": "16.8.23",
      "resolved": "https://pkgs.dev.azure.com/artmoi/_packaging/artmoi/npm/registry/@types/react/-/react-16.8.23.tgz",
      "integrity": "sha1-7Gvjzu1jU6IJSBabbLTJe2W5etI=",
      "requires": {
        "@types/prop-types": "*",
        "csstype": "^2.2.0"
      }
    },
    "@types/yup": {
      "version": "0.26.20",
      "resolved": "https://pkgs.dev.azure.com/artmoi/_packaging/artmoi/npm/registry/@types/yup/-/yup-0.26.20.tgz",
      "integrity": "sha1-O4WgX13Xbi6Edau2qK6ud3dicUM="
    },
    "auto-wrapper": {
      "version": "1.0.6",
      "resolved": "https://pkgs.dev.azure.com/artmoi/_packaging/artmoi/npm/registry/auto-wrapper/-/auto-wrapper-1.0.6.tgz",
      "integrity": "sha1-//Gzxz2lPCNz/nsE/C0mjel0Ays=",
      "requires": {
        "@types/lodash": "^4.14.118",
        "@types/react": "^16.7.6",
        "lodash": "^4.17.11",
        "react": "^16.6.3"
      }
    },
    "csstype": {
      "version": "2.6.5",
      "resolved": "https://pkgs.dev.azure.com/artmoi/_packaging/artmoi/npm/registry/csstype/-/csstype-2.6.5.tgz",
      "integrity": "sha1-HNHf90Lr9NfJkUcK5x4Su2dR4DQ="
    },
    "fn-name": {
      "version": "2.0.1",
      "resolved": "https://pkgs.dev.azure.com/artmoi/_packaging/artmoi/npm/registry/fn-name/-/fn-name-2.0.1.tgz",
      "integrity": "sha1-UhTXU3pNBqSjAcDMJi/rhBiAAuc="
    },
    "js-tokens": {
      "version": "4.0.0",
      "resolved": "https://pkgs.dev.azure.com/artmoi/_packaging/artmoi/npm/registry/js-tokens/-/js-tokens-4.0.0.tgz",
      "integrity": "sha1-GSA/tZmR35jjoocFDUZHzerzJJk="
    },
    "lodash": {
      "version": "4.17.11",
      "resolved": "https://pkgs.dev.azure.com/artmoi/_packaging/artmoi/npm/registry/lodash/-/lodash-4.17.11.tgz",
      "integrity": "sha1-s56mIp72B+zYniyN8SU2iRysm40="
    },
    "loose-envify": {
      "version": "1.4.0",
      "resolved": "https://pkgs.dev.azure.com/artmoi/_packaging/artmoi/npm/registry/loose-envify/-/loose-envify-1.4.0.tgz",
      "integrity": "sha1-ce5R+nvkyuwaY4OffmgtgTLTDK8=",
      "requires": {
        "js-tokens": "^3.0.0 || ^4.0.0"
      }
    },
    "object-assign": {
      "version": "4.1.1",
      "resolved": "https://pkgs.dev.azure.com/artmoi/_packaging/artmoi/npm/registry/object-assign/-/object-assign-4.1.1.tgz",
      "integrity": "sha1-IQmtx5ZYh8/AXLvUQsrIv7s2CGM="
    },
    "prop-types": {
      "version": "15.7.2",
      "resolved": "https://pkgs.dev.azure.com/artmoi/_packaging/artmoi/npm/registry/prop-types/-/prop-types-15.7.2.tgz",
      "integrity": "sha1-UsQedbjIfnK52TYOAga5ncv/psU=",
      "requires": {
        "loose-envify": "^1.4.0",
        "object-assign": "^4.1.1",
        "react-is": "^16.8.1"
      }
    },
    "property-expr": {
      "version": "1.5.1",
      "resolved": "https://pkgs.dev.azure.com/artmoi/_packaging/artmoi/npm/registry/property-expr/-/property-expr-1.5.1.tgz",
      "integrity": "sha1-IuhwaJSgyOKNWHNYBPa6OjZzMU8="
    },
    "react": {
      "version": "16.8.6",
      "resolved": "https://pkgs.dev.azure.com/artmoi/_packaging/artmoi/npm/registry/react/-/react-16.8.6.tgz",
      "integrity": "sha1-rWw6lhT9Ok6e9REX9U2IjaAfK74=",
      "requires": {
        "loose-envify": "^1.1.0",
        "object-assign": "^4.1.1",
        "prop-types": "^15.6.2",
        "scheduler": "^0.13.6"
      }
    },
    "react-is": {
      "version": "16.8.6",
      "resolved": "https://pkgs.dev.azure.com/artmoi/_packaging/artmoi/npm/registry/react-is/-/react-is-16.8.6.tgz",
      "integrity": "sha1-W7weLSkUHJ+9/tRWND/ivEMKahY="
    },
    "regenerator-runtime": {
      "version": "0.12.1",
      "resolved": "https://pkgs.dev.azure.com/artmoi/_packaging/artmoi/npm/registry/regenerator-runtime/-/regenerator-runtime-0.12.1.tgz",
      "integrity": "sha1-+hpxVEdkwDb4xJsToIsllMn4oN4="
    },
    "scheduler": {
      "version": "0.13.6",
      "resolved": "https://pkgs.dev.azure.com/artmoi/_packaging/artmoi/npm/registry/scheduler/-/scheduler-0.13.6.tgz",
      "integrity": "sha1-RmpOwzJGezGpG5v3TlNHBy5M2Ik=",
      "requires": {
        "loose-envify": "^1.1.0",
        "object-assign": "^4.1.1"
      }
    },
    "synchronous-promise": {
      "version": "2.0.9",
      "resolved": "https://pkgs.dev.azure.com/artmoi/_packaging/artmoi/npm/registry/synchronous-promise/-/synchronous-promise-2.0.9.tgz",
      "integrity": "sha1-uD25jp566Ca/nIJh/YrIWRJseAo="
    },
    "toposort": {
      "version": "2.0.2",
      "resolved": "https://pkgs.dev.azure.com/artmoi/_packaging/artmoi/npm/registry/toposort/-/toposort-2.0.2.tgz",
      "integrity": "sha1-riF2gXXRVZ1IvvNUILL0li8JwzA="
    },
    "yup": {
      "version": "0.26.10",
      "resolved": "https://pkgs.dev.azure.com/artmoi/_packaging/artmoi/npm/registry/yup/-/yup-0.26.10.tgz",
      "integrity": "sha1-NUWDlmMokDj68l+s/AfhH9Z8DLE=",
      "requires": {
        "@babel/runtime": "7.0.0",
        "fn-name": "~2.0.1",
        "lodash": "^4.17.10",
        "property-expr": "^1.5.0",
        "synchronous-promise": "^2.0.5",
        "toposort": "^2.0.2"
      }
    }
  }
}
